
Microsoft Visual Studio Solution File, Format Version 12.00
# Visual Studio Version 17
VisualStudioVersion = 17.2.32616.157
MinimumVisualStudioVersion = 10.0.40219.1
Project("{2150E333-8FDC-42A3-9474-1A3956D46DE8}") = "Services", "Services", "{7BE904A7-58D9-4921-B5DE-FC143C2B07EB}"
EndProject
Project("{2150E333-8FDC-42A3-9474-1A3956D46DE8}") = "Wallets", "Wallets", "{169C53B2-9303-4125-ABD2-7E1236A1D8DF}"
EndProject
Project("{9A19103F-16F7-4668-BE54-9A1E7A4F7556}") = "MyCash.Wallets.Core", "Services\Wallets\MyCash.Wallets.Core\MyCash.Wallets.Core.csproj", "{7C704B97-D2FC-487A-88BF-EE378B4ED12A}"
EndProject
Project("{9A19103F-16F7-4668-BE54-9A1E7A4F7556}") = "MyCash.Wallets.Application", "Services\Wallets\MyCash.Wallets.Application\MyCash.Wallets.Application.csproj", "{7BC771FA-4F93-4982-82C4-998D66B1161D}"
EndProject
Project("{9A19103F-16F7-4668-BE54-9A1E7A4F7556}") = "MyCash.Wallets.Infrastructure", "Services\Wallets\MyCash.Wallets.Infrastructure\MyCash.Wallets.Infrastructure.csproj", "{28AD2DE1-0B33-4D5D-ABF0-98CD92BF8CDA}"
EndProject
Project("{9A19103F-16F7-4668-BE54-9A1E7A4F7556}") = "MyCash.Wallets.Api", "Services\Wallets\MyCash.Wallets.Api\MyCash.Wallets.Api.csproj", "{340D4A38-9374-4700-A0BC-F900C8427212}"
EndProject
Project("{2150E333-8FDC-42A3-9474-1A3956D46DE8}") = "Framework", "Framework", "{00FB371E-3FF9-47BD-BB6F-6C4524D0E61D}"
EndProject
Project("{2150E333-8FDC-42A3-9474-1A3956D46DE8}") = "Users", "Users", "{26A02E0F-FCEB-4EAE-947B-7B1B2410EDD2}"
EndProject
Project("{9A19103F-16F7-4668-BE54-9A1E7A4F7556}") = "Micro.Framework", "Framework\Micro.Framework\Micro.Framework.csproj", "{F0C11A14-6F9A-4B3B-BCDE-1A368122BA50}"
EndProject
Project("{9A19103F-16F7-4668-BE54-9A1E7A4F7556}") = "MyCash.Users.Api", "Services\Users\MyCash.Users.Api\MyCash.Users.Api.csproj", "{F3D53D2A-7D4F-4496-ACE5-0EE698DCD839}"
EndProject
Project("{9A19103F-16F7-4668-BE54-9A1E7A4F7556}") = "Micro.Auth", "Framework\Micro.Auth\Micro.Auth.csproj", "{311CF0B5-7C71-4F73-A950-5D6C91799A5D}"
EndProject
Project("{9A19103F-16F7-4668-BE54-9A1E7A4F7556}") = "MyCash.Users.Core", "Services\Users\MyCash.Users.Core\MyCash.Users.Core.csproj", "{DF17E089-C10D-481A-9697-CE630E276083}"
EndProject
Project("{9A19103F-16F7-4668-BE54-9A1E7A4F7556}") = "Micro.Security", "Framework\Micro.Security\Micro.Security.csproj", "{82038E99-EC3E-4230-B283-A37DED1AFA6C}"
EndProject
Project("{9A19103F-16F7-4668-BE54-9A1E7A4F7556}") = "Micro.DAL", "Framework\Micro.DAL\Micro.DAL.csproj", "{7746F92D-26B5-4CFA-88C2-7F1955FE17B4}"
EndProject
Project("{9A19103F-16F7-4668-BE54-9A1E7A4F7556}") = "Micro", "Framework\Micro\Micro.csproj", "{7AC66101-7F7E-4B84-A5F4-A3F83B0E232F}"
EndProject
Project("{FAE04EC0-301F-11D3-BF4B-00C04F79EFBC}") = "Micro.WebAPI", "Framework\Micro.WebAPI\Micro.WebAPI.csproj", "{43FC858F-B96E-48EC-81D9-FD7D40F231A5}"
EndProject
Project("{FAE04EC0-301F-11D3-BF4B-00C04F79EFBC}") = "Micro.Messaging.RabbitMQ", "Framework\Micro.Messaging.RabbitMQ\Micro.Messaging.RabbitMQ.csproj", "{3CCBA3C6-0979-4795-896E-EE6969688D11}"
EndProject
Global
	GlobalSection(SolutionConfigurationPlatforms) = preSolution
		Debug|Any CPU = Debug|Any CPU
		Release|Any CPU = Release|Any CPU
	EndGlobalSection
	GlobalSection(ProjectConfigurationPlatforms) = postSolution
		{7C704B97-D2FC-487A-88BF-EE378B4ED12A}.Debug|Any CPU.ActiveCfg = Debug|Any CPU
		{7C704B97-D2FC-487A-88BF-EE378B4ED12A}.Debug|Any CPU.Build.0 = Debug|Any CPU
		{7C704B97-D2FC-487A-88BF-EE378B4ED12A}.Release|Any CPU.ActiveCfg = Release|Any CPU
		{7C704B97-D2FC-487A-88BF-EE378B4ED12A}.Release|Any CPU.Build.0 = Release|Any CPU
		{7BC771FA-4F93-4982-82C4-998D66B1161D}.Debug|Any CPU.ActiveCfg = Debug|Any CPU
		{7BC771FA-4F93-4982-82C4-998D66B1161D}.Debug|Any CPU.Build.0 = Debug|Any CPU
		{7BC771FA-4F93-4982-82C4-998D66B1161D}.Release|Any CPU.ActiveCfg = Release|Any CPU
		{7BC771FA-4F93-4982-82C4-998D66B1161D}.Release|Any CPU.Build.0 = Release|Any CPU
		{28AD2DE1-0B33-4D5D-ABF0-98CD92BF8CDA}.Debug|Any CPU.ActiveCfg = Debug|Any CPU
		{28AD2DE1-0B33-4D5D-ABF0-98CD92BF8CDA}.Debug|Any CPU.Build.0 = Debug|Any CPU
		{28AD2DE1-0B33-4D5D-ABF0-98CD92BF8CDA}.Release|Any CPU.ActiveCfg = Release|Any CPU
		{28AD2DE1-0B33-4D5D-ABF0-98CD92BF8CDA}.Release|Any CPU.Build.0 = Release|Any CPU
		{340D4A38-9374-4700-A0BC-F900C8427212}.Debug|Any CPU.ActiveCfg = Debug|Any CPU
		{340D4A38-9374-4700-A0BC-F900C8427212}.Debug|Any CPU.Build.0 = Debug|Any CPU
		{340D4A38-9374-4700-A0BC-F900C8427212}.Release|Any CPU.ActiveCfg = Release|Any CPU
		{340D4A38-9374-4700-A0BC-F900C8427212}.Release|Any CPU.Build.0 = Release|Any CPU
		{F0C11A14-6F9A-4B3B-BCDE-1A368122BA50}.Debug|Any CPU.ActiveCfg = Debug|Any CPU
		{F0C11A14-6F9A-4B3B-BCDE-1A368122BA50}.Debug|Any CPU.Build.0 = Debug|Any CPU
		{F0C11A14-6F9A-4B3B-BCDE-1A368122BA50}.Release|Any CPU.ActiveCfg = Release|Any CPU
		{F0C11A14-6F9A-4B3B-BCDE-1A368122BA50}.Release|Any CPU.Build.0 = Release|Any CPU
		{F3D53D2A-7D4F-4496-ACE5-0EE698DCD839}.Debug|Any CPU.ActiveCfg = Debug|Any CPU
		{F3D53D2A-7D4F-4496-ACE5-0EE698DCD839}.Debug|Any CPU.Build.0 = Debug|Any CPU
		{F3D53D2A-7D4F-4496-ACE5-0EE698DCD839}.Release|Any CPU.ActiveCfg = Release|Any CPU
		{F3D53D2A-7D4F-4496-ACE5-0EE698DCD839}.Release|Any CPU.Build.0 = Release|Any CPU
		{311CF0B5-7C71-4F73-A950-5D6C91799A5D}.Debug|Any CPU.ActiveCfg = Debug|Any CPU
		{311CF0B5-7C71-4F73-A950-5D6C91799A5D}.Debug|Any CPU.Build.0 = Debug|Any CPU
		{311CF0B5-7C71-4F73-A950-5D6C91799A5D}.Release|Any CPU.ActiveCfg = Release|Any CPU
		{311CF0B5-7C71-4F73-A950-5D6C91799A5D}.Release|Any CPU.Build.0 = Release|Any CPU
		{DF17E089-C10D-481A-9697-CE630E276083}.Debug|Any CPU.ActiveCfg = Debug|Any CPU
		{DF17E089-C10D-481A-9697-CE630E276083}.Debug|Any CPU.Build.0 = Debug|Any CPU
		{DF17E089-C10D-481A-9697-CE630E276083}.Release|Any CPU.ActiveCfg = Release|Any CPU
		{DF17E089-C10D-481A-9697-CE630E276083}.Release|Any CPU.Build.0 = Release|Any CPU
		{82038E99-EC3E-4230-B283-A37DED1AFA6C}.Debug|Any CPU.ActiveCfg = Debug|Any CPU
		{82038E99-EC3E-4230-B283-A37DED1AFA6C}.Debug|Any CPU.Build.0 = Debug|Any CPU
		{82038E99-EC3E-4230-B283-A37DED1AFA6C}.Release|Any CPU.ActiveCfg = Release|Any CPU
		{82038E99-EC3E-4230-B283-A37DED1AFA6C}.Release|Any CPU.Build.0 = Release|Any CPU
		{7746F92D-26B5-4CFA-88C2-7F1955FE17B4}.Debug|Any CPU.ActiveCfg = Debug|Any CPU
		{7746F92D-26B5-4CFA-88C2-7F1955FE17B4}.Debug|Any CPU.Build.0 = Debug|Any CPU
		{7746F92D-26B5-4CFA-88C2-7F1955FE17B4}.Release|Any CPU.ActiveCfg = Release|Any CPU
		{7746F92D-26B5-4CFA-88C2-7F1955FE17B4}.Release|Any CPU.Build.0 = Release|Any CPU
		{7AC66101-7F7E-4B84-A5F4-A3F83B0E232F}.Debug|Any CPU.ActiveCfg = Debug|Any CPU
		{7AC66101-7F7E-4B84-A5F4-A3F83B0E232F}.Debug|Any CPU.Build.0 = Debug|Any CPU
		{7AC66101-7F7E-4B84-A5F4-A3F83B0E232F}.Release|Any CPU.ActiveCfg = Release|Any CPU
		{7AC66101-7F7E-4B84-A5F4-A3F83B0E232F}.Release|Any CPU.Build.0 = Release|Any CPU
		{43FC858F-B96E-48EC-81D9-FD7D40F231A5}.Debug|Any CPU.ActiveCfg = Debug|Any CPU
		{43FC858F-B96E-48EC-81D9-FD7D40F231A5}.Debug|Any CPU.Build.0 = Debug|Any CPU
		{43FC858F-B96E-48EC-81D9-FD7D40F231A5}.Release|Any CPU.ActiveCfg = Release|Any CPU
		{43FC858F-B96E-48EC-81D9-FD7D40F231A5}.Release|Any CPU.Build.0 = Release|Any CPU
		{3CCBA3C6-0979-4795-896E-EE6969688D11}.Debug|Any CPU.ActiveCfg = Debug|Any CPU
		{3CCBA3C6-0979-4795-896E-EE6969688D11}.Debug|Any CPU.Build.0 = Debug|Any CPU
		{3CCBA3C6-0979-4795-896E-EE6969688D11}.Release|Any CPU.ActiveCfg = Release|Any CPU
		{3CCBA3C6-0979-4795-896E-EE6969688D11}.Release|Any CPU.Build.0 = Release|Any CPU
	EndGlobalSection
	GlobalSection(SolutionProperties) = preSolution
		HideSolutionNode = FALSE
	EndGlobalSection
	GlobalSection(NestedProjects) = preSolution
		{169C53B2-9303-4125-ABD2-7E1236A1D8DF} = {7BE904A7-58D9-4921-B5DE-FC143C2B07EB}
		{7C704B97-D2FC-487A-88BF-EE378B4ED12A} = {169C53B2-9303-4125-ABD2-7E1236A1D8DF}
		{7BC771FA-4F93-4982-82C4-998D66B1161D} = {169C53B2-9303-4125-ABD2-7E1236A1D8DF}
		{28AD2DE1-0B33-4D5D-ABF0-98CD92BF8CDA} = {169C53B2-9303-4125-ABD2-7E1236A1D8DF}
		{340D4A38-9374-4700-A0BC-F900C8427212} = {169C53B2-9303-4125-ABD2-7E1236A1D8DF}
		{26A02E0F-FCEB-4EAE-947B-7B1B2410EDD2} = {7BE904A7-58D9-4921-B5DE-FC143C2B07EB}
		{F0C11A14-6F9A-4B3B-BCDE-1A368122BA50} = {00FB371E-3FF9-47BD-BB6F-6C4524D0E61D}
		{F3D53D2A-7D4F-4496-ACE5-0EE698DCD839} = {26A02E0F-FCEB-4EAE-947B-7B1B2410EDD2}
		{311CF0B5-7C71-4F73-A950-5D6C91799A5D} = {00FB371E-3FF9-47BD-BB6F-6C4524D0E61D}
		{DF17E089-C10D-481A-9697-CE630E276083} = {26A02E0F-FCEB-4EAE-947B-7B1B2410EDD2}
		{82038E99-EC3E-4230-B283-A37DED1AFA6C} = {00FB371E-3FF9-47BD-BB6F-6C4524D0E61D}
		{7746F92D-26B5-4CFA-88C2-7F1955FE17B4} = {00FB371E-3FF9-47BD-BB6F-6C4524D0E61D}
		{7AC66101-7F7E-4B84-A5F4-A3F83B0E232F} = {00FB371E-3FF9-47BD-BB6F-6C4524D0E61D}
		{43FC858F-B96E-48EC-81D9-FD7D40F231A5} = {00FB371E-3FF9-47BD-BB6F-6C4524D0E61D}
		{3CCBA3C6-0979-4795-896E-EE6969688D11} = {00FB371E-3FF9-47BD-BB6F-6C4524D0E61D}
	EndGlobalSection
	GlobalSection(ExtensibilityGlobals) = postSolution
		SolutionGuid = {6084E8DE-FCFB-4E8E-B2D6-A055ECB48969}
	EndGlobalSection
EndGlobal
